
Microsoft Visual Studio Solution File, Format Version 12.00
# Visual Studio Version 17
VisualStudioVersion = 17.2.32516.85
MinimumVisualStudioVersion = 10.0.40219.1
Project("{FAE04EC0-301F-11D3-BF4B-00C04F79EFBC}") = "14.05", "14.05\14.05.csproj", "{A6179A47-D6EC-42B5-B2A1-32FEEAC2F8CF}"
EndProject
Global
	GlobalSection(SolutionConfigurationPlatforms) = preSolution
		Debug|Any CPU = Debug|Any CPU
		Release|Any CPU = Release|Any CPU
	EndGlobalSection
	GlobalSection(ProjectConfigurationPlatforms) = postSolution
		{A6179A47-D6EC-42B5-B2A1-32FEEAC2F8CF}.Debug|Any CPU.ActiveCfg = Debug|Any CPU
		{A6179A47-D6EC-42B5-B2A1-32FEEAC2F8CF}.Debug|Any CPU.Build.0 = Debug|Any CPU
		{A6179A47-D6EC-42B5-B2A1-32FEEAC2F8CF}.Release|Any CPU.ActiveCfg = Release|Any CPU
		{A6179A47-D6EC-42B5-B2A1-32FEEAC2F8CF}.Release|Any CPU.Build.0 = Release|Any CPU
	EndGlobalSection
	GlobalSection(SolutionProperties) = preSolution
		HideSolutionNode = FALSE
	EndGlobalSection
	GlobalSection(ExtensibilityGlobals) = postSolution
		SolutionGuid = {839EA5DE-B8BF-43E4-A1A2-24319F96D4E2}
	EndGlobalSection
EndGlobal
